// !$*UTF8*$!
{
	archiveVersion = 1;
	classes = {
	};
	objectVersion = 46;
	objects = {

/* Begin PBXBuildFile section */
		493348411D4FC752003847CD /* AppDelegate.swift in Sources */ = {isa = PBXBuildFile; fileRef = 493348401D4FC752003847CD /* AppDelegate.swift */; };
		493348431D4FC752003847CD /* ViewController.swift in Sources */ = {isa = PBXBuildFile; fileRef = 493348421D4FC752003847CD /* ViewController.swift */; };
		493348461D4FC752003847CD /* Main.storyboard in Resources */ = {isa = PBXBuildFile; fileRef = 493348441D4FC752003847CD /* Main.storyboard */; };
		493348481D4FC752003847CD /* Assets.xcassets in Resources */ = {isa = PBXBuildFile; fileRef = 493348471D4FC752003847CD /* Assets.xcassets */; };
		4933484B1D4FC752003847CD /* LaunchScreen.storyboard in Resources */ = {isa = PBXBuildFile; fileRef = 493348491D4FC752003847CD /* LaunchScreen.storyboard */; };
		493348561D4FC752003847CD /* ISSOverheadTests.swift in Sources */ = {isa = PBXBuildFile; fileRef = 493348551D4FC752003847CD /* ISSOverheadTests.swift */; };
		493348611D4FC752003847CD /* ISSOverheadUITests.swift in Sources */ = {isa = PBXBuildFile; fileRef = 493348601D4FC752003847CD /* ISSOverheadUITests.swift */; };
/* End PBXBuildFile section */

/* Begin PBXContainerItemProxy section */
		493348521D4FC752003847CD /* PBXContainerItemProxy */ = {
			isa = PBXContainerItemProxy;
			containerPortal = 493348351D4FC752003847CD /* Project object */;
			proxyType = 1;
			remoteGlobalIDString = 4933483C1D4FC752003847CD;
			remoteInfo = ISSOverhead;
		};
		4933485D1D4FC752003847CD /* PBXContainerItemProxy */ = {
			isa = PBXContainerItemProxy;
			containerPortal = 493348351D4FC752003847CD /* Project object */;
			proxyType = 1;
			remoteGlobalIDString = 4933483C1D4FC752003847CD;
			remoteInfo = ISSOverhead;
		};
/* End PBXContainerItemProxy section */

/* Begin PBXFileReference section */
		4933483D1D4FC752003847CD /* ISSOverhead.app */ = {isa = PBXFileReference; explicitFileType = wrapper.application; includeInIndex = 0; path = ISSOverhead.app; sourceTree = BUILT_PRODUCTS_DIR; };
		493348401D4FC752003847CD /* AppDelegate.swift */ = {isa = PBXFileReference; lastKnownFileType = sourcecode.swift; path = AppDelegate.swift; sourceTree = "<group>"; };
		493348421D4FC752003847CD /* ViewController.swift */ = {isa = PBXFileReference; lastKnownFileType = sourcecode.swift; path = ViewController.swift; sourceTree = "<group>"; };
		493348451D4FC752003847CD /* Base */ = {isa = PBXFileReference; lastKnownFileType = file.storyboard; name = Base; path = Base.lproj/Main.storyboard; sourceTree = "<group>"; };
		493348471D4FC752003847CD /* Assets.xcassets */ = {isa = PBXFileReference; lastKnownFileType = folder.assetcatalog; path = Assets.xcassets; sourceTree = "<group>"; };
		4933484A1D4FC752003847CD /* Base */ = {isa = PBXFileReference; lastKnownFileType = file.storyboard; name = Base; path = Base.lproj/LaunchScreen.storyboard; sourceTree = "<group>"; };
		4933484C1D4FC752003847CD /* Info.plist */ = {isa = PBXFileReference; lastKnownFileType = text.plist.xml; path = Info.plist; sourceTree = "<group>"; };
		493348511D4FC752003847CD /* ISSOverheadTests.xctest */ = {isa = PBXFileReference; explicitFileType = wrapper.cfbundle; includeInIndex = 0; path = ISSOverheadTests.xctest; sourceTree = BUILT_PRODUCTS_DIR; };
		493348551D4FC752003847CD /* ISSOverheadTests.swift */ = {isa = PBXFileReference; lastKnownFileType = sourcecode.swift; path = ISSOverheadTests.swift; sourceTree = "<group>"; };
		493348571D4FC752003847CD /* Info.plist */ = {isa = PBXFileReference; lastKnownFileType = text.plist.xml; path = Info.plist; sourceTree = "<group>"; };
		4933485C1D4FC752003847CD /* ISSOverheadUITests.xctest */ = {isa = PBXFileReference; explicitFileType = wrapper.cfbundle; includeInIndex = 0; path = ISSOverheadUITests.xctest; sourceTree = BUILT_PRODUCTS_DIR; };
		493348601D4FC752003847CD /* ISSOverheadUITests.swift */ = {isa = PBXFileReference; lastKnownFileType = sourcecode.swift; path = ISSOverheadUITests.swift; sourceTree = "<group>"; };
		493348621D4FC752003847CD /* Info.plist */ = {isa = PBXFileReference; lastKnownFileType = text.plist.xml; path = Info.plist; sourceTree = "<group>"; };
/* End PBXFileReference section */

/* Begin PBXFrameworksBuildPhase section */
		4933483A1D4FC752003847CD /* Frameworks */ = {
			isa = PBXFrameworksBuildPhase;
			buildActionMask = 2147483647;
			files = (
			);
			runOnlyForDeploymentPostprocessing = 0;
		};
		4933484E1D4FC752003847CD /* Frameworks */ = {
			isa = PBXFrameworksBuildPhase;
			buildActionMask = 2147483647;
			files = (
			);
			runOnlyForDeploymentPostprocessing = 0;
		};
		493348591D4FC752003847CD /* Frameworks */ = {
			isa = PBXFrameworksBuildPhase;
			buildActionMask = 2147483647;
			files = (
			);
			runOnlyForDeploymentPostprocessing = 0;
		};
/* End PBXFrameworksBuildPhase section */

/* Begin PBXGroup section */
		493348341D4FC752003847CD = {
			isa = PBXGroup;
			children = (
				4933483F1D4FC752003847CD /* ISSOverhead */,
				493348541D4FC752003847CD /* ISSOverheadTests */,
				4933485F1D4FC752003847CD /* ISSOverheadUITests */,
				4933483E1D4FC752003847CD /* Products */,
			);
			sourceTree = "<group>";
		};
		4933483E1D4FC752003847CD /* Products */ = {
			isa = PBXGroup;
			children = (
				4933483D1D4FC752003847CD /* ISSOverhead.app */,
				493348511D4FC752003847CD /* ISSOverheadTests.xctest */,
				4933485C1D4FC752003847CD /* ISSOverheadUITests.xctest */,
			);
			name = Products;
			sourceTree = "<group>";
		};
		4933483F1D4FC752003847CD /* ISSOverhead */ = {
			isa = PBXGroup;
			children = (
				493348401D4FC752003847CD /* AppDelegate.swift */,
				493348421D4FC752003847CD /* ViewController.swift */,
				493348441D4FC752003847CD /* Main.storyboard */,
				493348471D4FC752003847CD /* Assets.xcassets */,
				493348491D4FC752003847CD /* LaunchScreen.storyboard */,
				4933484C1D4FC752003847CD /* Info.plist */,
			);
			path = ISSOverhead;
			sourceTree = "<group>";
		};
		493348541D4FC752003847CD /* ISSOverheadTests */ = {
			isa = PBXGroup;
			children = (
				493348551D4FC752003847CD /* ISSOverheadTests.swift */,
				493348571D4FC752003847CD /* Info.plist */,
			);
			path = ISSOverheadTests;
			sourceTree = "<group>";
		};
		4933485F1D4FC752003847CD /* ISSOverheadUITests */ = {
			isa = PBXGroup;
			children = (
				493348601D4FC752003847CD /* ISSOverheadUITests.swift */,
				493348621D4FC752003847CD /* Info.plist */,
			);
			path = ISSOverheadUITests;
			sourceTree = "<group>";
		};
/* End PBXGroup section */

/* Begin PBXNativeTarget section */
		4933483C1D4FC752003847CD /* ISSOverhead */ = {
			isa = PBXNativeTarget;
			buildConfigurationList = 493348651D4FC752003847CD /* Build configuration list for PBXNativeTarget "ISSOverhead" */;
			buildPhases = (
				493348391D4FC752003847CD /* Sources */,
				4933483A1D4FC752003847CD /* Frameworks */,
				4933483B1D4FC752003847CD /* Resources */,
			);
			buildRules = (
			);
			dependencies = (
			);
			name = ISSOverhead;
			productName = ISSOverhead;
			productReference = 4933483D1D4FC752003847CD /* ISSOverhead.app */;
			productType = "com.apple.product-type.application";
		};
		493348501D4FC752003847CD /* ISSOverheadTests */ = {
			isa = PBXNativeTarget;
			buildConfigurationList = 493348681D4FC752003847CD /* Build configuration list for PBXNativeTarget "ISSOverheadTests" */;
			buildPhases = (
				4933484D1D4FC752003847CD /* Sources */,
				4933484E1D4FC752003847CD /* Frameworks */,
				4933484F1D4FC752003847CD /* Resources */,
			);
			buildRules = (
			);
			dependencies = (
				493348531D4FC752003847CD /* PBXTargetDependency */,
			);
			name = ISSOverheadTests;
			productName = ISSOverheadTests;
			productReference = 493348511D4FC752003847CD /* ISSOverheadTests.xctest */;
			productType = "com.apple.product-type.bundle.unit-test";
		};
		4933485B1D4FC752003847CD /* ISSOverheadUITests */ = {
			isa = PBXNativeTarget;
			buildConfigurationList = 4933486B1D4FC752003847CD /* Build configuration list for PBXNativeTarget "ISSOverheadUITests" */;
			buildPhases = (
				493348581D4FC752003847CD /* Sources */,
				493348591D4FC752003847CD /* Frameworks */,
				4933485A1D4FC752003847CD /* Resources */,
			);
			buildRules = (
			);
			dependencies = (
				4933485E1D4FC752003847CD /* PBXTargetDependency */,
			);
			name = ISSOverheadUITests;
			productName = ISSOverheadUITests;
			productReference = 4933485C1D4FC752003847CD /* ISSOverheadUITests.xctest */;
			productType = "com.apple.product-type.bundle.ui-testing";
		};
/* End PBXNativeTarget section */

/* Begin PBXProject section */
		493348351D4FC752003847CD /* Project object */ = {
			isa = PBXProject;
			attributes = {
				LastSwiftUpdateCheck = 0730;
				LastUpgradeCheck = 0730;
				ORGANIZATIONNAME = "Andrew Sowers";
				TargetAttributes = {
					4933483C1D4FC752003847CD = {
						CreatedOnToolsVersion = 7.3.1;
					};
					493348501D4FC752003847CD = {
						CreatedOnToolsVersion = 7.3.1;
						TestTargetID = 4933483C1D4FC752003847CD;
					};
					4933485B1D4FC752003847CD = {
						CreatedOnToolsVersion = 7.3.1;
						TestTargetID = 4933483C1D4FC752003847CD;
					};
				};
			};
			buildConfigurationList = 493348381D4FC752003847CD /* Build configuration list for PBXProject "ISSOverhead" */;
			compatibilityVersion = "Xcode 3.2";
			developmentRegion = English;
			hasScannedForEncodings = 0;
			knownRegions = (
				en,
				Base,
			);
			mainGroup = 493348341D4FC752003847CD;
			productRefGroup = 4933483E1D4FC752003847CD /* Products */;
			projectDirPath = "";
			projectRoot = "";
			targets = (
				4933483C1D4FC752003847CD /* ISSOverhead */,
				493348501D4FC752003847CD /* ISSOverheadTests */,
				4933485B1D4FC752003847CD /* ISSOverheadUITests */,
			);
		};
/* End PBXProject section */

/* Begin PBXResourcesBuildPhase section */
		4933483B1D4FC752003847CD /* Resources */ = {
			isa = PBXResourcesBuildPhase;
			buildActionMask = 2147483647;
			files = (
				4933484B1D4FC752003847CD /* LaunchScreen.storyboard in Resources */,
				493348481D4FC752003847CD /* Assets.xcassets in Resources */,
				493348461D4FC752003847CD /* Main.storyboard in Resources */,
			);
			runOnlyForDeploymentPostprocessing = 0;
		};
		4933484F1D4FC752003847CD /* Resources */ = {
			isa = PBXResourcesBuildPhase;
			buildActionMask = 2147483647;
			files = (
			);
			runOnlyForDeploymentPostprocessing = 0;
		};
		4933485A1D4FC752003847CD /* Resources */ = {
			isa = PBXResourcesBuildPhase;
			buildActionMask = 2147483647;
			files = (
			);
			runOnlyForDeploymentPostprocessing = 0;
		};
/* End PBXResourcesBuildPhase section */

/* Begin PBXSourcesBuildPhase section */
		493348391D4FC752003847CD /* Sources */ = {
			isa = PBXSourcesBuildPhase;
			buildActionMask = 2147483647;
			files = (
				493348431D4FC752003847CD /* ViewController.swift in Sources */,
				493348411D4FC752003847CD /* AppDelegate.swift in Sources */,
			);
			runOnlyForDeploymentPostprocessing = 0;
		};
		4933484D1D4FC752003847CD /* Sources */ = {
			isa = PBXSourcesBuildPhase;
			buildActionMask = 2147483647;
			files = (
				493348561D4FC752003847CD /* ISSOverheadTests.swift in Sources */,
			);
			runOnlyForDeploymentPostprocessing = 0;
		};
		493348581D4FC752003847CD /* Sources */ = {
			isa = PBXSourcesBuildPhase;
			buildActionMask = 2147483647;
			files = (
				493348611D4FC752003847CD /* ISSOverheadUITests.swift in Sources */,
			);
			runOnlyForDeploymentPostprocessing = 0;
		};
/* End PBXSourcesBuildPhase section */

/* Begin PBXTargetDependency section */
		493348531D4FC752003847CD /* PBXTargetDependency */ = {
			isa = PBXTargetDependency;
			target = 4933483C1D4FC752003847CD /* ISSOverhead */;
			targetProxy = 493348521D4FC752003847CD /* PBXContainerItemProxy */;
		};
		4933485E1D4FC752003847CD /* PBXTargetDependency */ = {
			isa = PBXTargetDependency;
			target = 4933483C1D4FC752003847CD /* ISSOverhead */;
			targetProxy = 4933485D1D4FC752003847CD /* PBXContainerItemProxy */;
		};
/* End PBXTargetDependency section */

/* Begin PBXVariantGroup section */
		493348441D4FC752003847CD /* Main.storyboard */ = {
			isa = PBXVariantGroup;
			children = (
				493348451D4FC752003847CD /* Base */,
			);
			name = Main.storyboard;
			sourceTree = "<group>";
		};
		493348491D4FC752003847CD /* LaunchScreen.storyboard */ = {
			isa = PBXVariantGroup;
			children = (
				4933484A1D4FC752003847CD /* Base */,
			);
			name = LaunchScreen.storyboard;
			sourceTree = "<group>";
		};
/* End PBXVariantGroup section */

/* Begin XCBuildConfiguration section */
		493348631D4FC752003847CD /* Debug */ = {
			isa = XCBuildConfiguration;
			buildSettings = {
				ALWAYS_SEARCH_USER_PATHS = NO;
				CLANG_ANALYZER_NONNULL = YES;
				CLANG_CXX_LANGUAGE_STANDARD = "gnu++0x";
				CLANG_CXX_LIBRARY = "libc++";
				CLANG_ENABLE_MODULES = YES;
				CLANG_ENABLE_OBJC_ARC = YES;
				CLANG_WARN_BOOL_CONVERSION = YES;
				CLANG_WARN_CONSTANT_CONVERSION = YES;
				CLANG_WARN_DIRECT_OBJC_ISA_USAGE = YES_ERROR;
				CLANG_WARN_EMPTY_BODY = YES;
				CLANG_WARN_ENUM_CONVERSION = YES;
				CLANG_WARN_INT_CONVERSION = YES;
				CLANG_WARN_OBJC_ROOT_CLASS = YES_ERROR;
				CLANG_WARN_UNREACHABLE_CODE = YES;
				CLANG_WARN__DUPLICATE_METHOD_MATCH = YES;
				"CODE_SIGN_IDENTITY[sdk=iphoneos*]" = "iPhone Developer";
				COPY_PHASE_STRIP = NO;
				DEBUG_INFORMATION_FORMAT = dwarf;
				ENABLE_STRICT_OBJC_MSGSEND = YES;
				ENABLE_TESTABILITY = YES;
				GCC_C_LANGUAGE_STANDARD = gnu99;
				GCC_DYNAMIC_NO_PIC = NO;
				GCC_NO_COMMON_BLOCKS = YES;
				GCC_OPTIMIZATION_LEVEL = 0;
				GCC_PREPROCESSOR_DEFINITIONS = (
					"DEBUG=1",
					"$(inherited)",
				);
				GCC_WARN_64_TO_32_BIT_CONVERSION = YES;
				GCC_WARN_ABOUT_RETURN_TYPE = YES_ERROR;
				GCC_WARN_UNDECLARED_SELECTOR = YES;
				GCC_WARN_UNINITIALIZED_AUTOS = YES_AGGRESSIVE;
				GCC_WARN_UNUSED_FUNCTION = YES;
				GCC_WARN_UNUSED_VARIABLE = YES;
				IPHONEOS_DEPLOYMENT_TARGET = 9.3;
				MTL_ENABLE_DEBUG_INFO = YES;
				ONLY_ACTIVE_ARCH = YES;
				SDKROOT = iphoneos;
				SWIFT_OPTIMIZATION_LEVEL = "-Onone";
				TARGETED_DEVICE_FAMILY = "1,2";
			};
			name = Debug;
		};
		493348641D4FC752003847CD /* Release */ = {
			isa = XCBuildConfiguration;
			buildSettings = {
				ALWAYS_SEARCH_USER_PATHS = NO;
				CLANG_ANALYZER_NONNULL = YES;
				CLANG_CXX_LANGUAGE_STANDARD = "gnu++0x";
				CLANG_CXX_LIBRARY = "libc++";
				CLANG_ENABLE_MODULES = YES;
				CLANG_ENABLE_OBJC_ARC = YES;
				CLANG_WARN_BOOL_CONVERSION = YES;
				CLANG_WARN_CONSTANT_CONVERSION = YES;
				CLANG_WARN_DIRECT_OBJC_ISA_USAGE = YES_ERROR;
				CLANG_WARN_EMPTY_BODY = YES;
				CLANG_WARN_ENUM_CONVERSION = YES;
				CLANG_WARN_INT_CONVERSION = YES;
				CLANG_WARN_OBJC_ROOT_CLASS = YES_ERROR;
				CLANG_WARN_UNREACHABLE_CODE = YES;
				CLANG_WARN__DUPLICATE_METHOD_MATCH = YES;
				"CODE_SIGN_IDENTITY[sdk=iphoneos*]" = "iPhone Developer";
				COPY_PHASE_STRIP = NO;
				DEBUG_INFORMATION_FORMAT = "dwarf-with-dsym";
				ENABLE_NS_ASSERTIONS = NO;
				ENABLE_STRICT_OBJC_MSGSEND = YES;
				GCC_C_LANGUAGE_STANDARD = gnu99;
				GCC_NO_COMMON_BLOCKS = YES;
				GCC_WARN_64_TO_32_BIT_CONVERSION = YES;
				GCC_WARN_ABOUT_RETURN_TYPE = YES_ERROR;
				GCC_WARN_UNDECLARED_SELECTOR = YES;
				GCC_WARN_UNINITIALIZED_AUTOS = YES_AGGRESSIVE;
				GCC_WARN_UNUSED_FUNCTION = YES;
				GCC_WARN_UNUSED_VARIABLE = YES;
				IPHONEOS_DEPLOYMENT_TARGET = 9.3;
				MTL_ENABLE_DEBUG_INFO = NO;
				SDKROOT = iphoneos;
				TARGETED_DEVICE_FAMILY = "1,2";
				VALIDATE_PRODUCT = YES;
			};
			name = Release;
		};
		493348661D4FC752003847CD /* Debug */ = {
			isa = XCBuildConfiguration;
			buildSettings = {
				ASSETCATALOG_COMPILER_APPICON_NAME = AppIcon;
				INFOPLIST_FILE = ISSOverhead/Info.plist;
				LD_RUNPATH_SEARCH_PATHS = "$(inherited) @executable_path/Frameworks";
				PRODUCT_BUNDLE_IDENTIFIER = com.andrew.ISSOverhead;
				PRODUCT_NAME = "$(TARGET_NAME)";
			};
			name = Debug;
		};
		493348671D4FC752003847CD /* Release */ = {
			isa = XCBuildConfiguration;
			buildSettings = {
				ASSETCATALOG_COMPILER_APPICON_NAME = AppIcon;
				INFOPLIST_FILE = ISSOverhead/Info.plist;
				LD_RUNPATH_SEARCH_PATHS = "$(inherited) @executable_path/Frameworks";
				PRODUCT_BUNDLE_IDENTIFIER = com.andrew.ISSOverhead;
				PRODUCT_NAME = "$(TARGET_NAME)";
			};
			name = Release;
		};
		493348691D4FC752003847CD /* Debug */ = {
			isa = XCBuildConfiguration;
			buildSettings = {
				BUNDLE_LOADER = "$(TEST_HOST)";
				INFOPLIST_FILE = ISSOverheadTests/Info.plist;
				LD_RUNPATH_SEARCH_PATHS = "$(inherited) @executable_path/Frameworks @loader_path/Frameworks";
				PRODUCT_BUNDLE_IDENTIFIER = com.andrew.ISSOverheadTests;
				PRODUCT_NAME = "$(TARGET_NAME)";
				TEST_HOST = "$(BUILT_PRODUCTS_DIR)/ISSOverhead.app/ISSOverhead";
			};
			name = Debug;
		};
		4933486A1D4FC752003847CD /* Release */ = {
			isa = XCBuildConfiguration;
			buildSettings = {
				BUNDLE_LOADER = "$(TEST_HOST)";
				INFOPLIST_FILE = ISSOverheadTests/Info.plist;
				LD_RUNPATH_SEARCH_PATHS = "$(inherited) @executable_path/Frameworks @loader_path/Frameworks";
				PRODUCT_BUNDLE_IDENTIFIER = com.andrew.ISSOverheadTests;
				PRODUCT_NAME = "$(TARGET_NAME)";
				TEST_HOST = "$(BUILT_PRODUCTS_DIR)/ISSOverhead.app/ISSOverhead";
			};
			name = Release;
		};
		4933486C1D4FC752003847CD /* Debug */ = {
			isa = XCBuildConfiguration;
			buildSettings = {
				INFOPLIST_FILE = ISSOverheadUITests/Info.plist;
				LD_RUNPATH_SEARCH_PATHS = "$(inherited) @executable_path/Frameworks @loader_path/Frameworks";
				PRODUCT_BUNDLE_IDENTIFIER = com.andrew.ISSOverheadUITests;
				PRODUCT_NAME = "$(TARGET_NAME)";
				TEST_TARGET_NAME = ISSOverhead;
			};
			name = Debug;
		};
		4933486D1D4FC752003847CD /* Release */ = {
			isa = XCBuildConfiguration;
			buildSettings = {
				INFOPLIST_FILE = ISSOverheadUITests/Info.plist;
				LD_RUNPATH_SEARCH_PATHS = "$(inherited) @executable_path/Frameworks @loader_path/Frameworks";
				PRODUCT_BUNDLE_IDENTIFIER = com.andrew.ISSOverheadUITests;
				PRODUCT_NAME = "$(TARGET_NAME)";
				TEST_TARGET_NAME = ISSOverhead;
			};
			name = Release;
		};
/* End XCBuildConfiguration section */

/* Begin XCConfigurationList section */
		493348381D4FC752003847CD /* Build configuration list for PBXProject "ISSOverhead" */ = {
			isa = XCConfigurationList;
			buildConfigurations = (
				493348631D4FC752003847CD /* Debug */,
				493348641D4FC752003847CD /* Release */,
			);
			defaultConfigurationIsVisible = 0;
			defaultConfigurationName = Release;
		};
		493348651D4FC752003847CD /* Build configuration list for PBXNativeTarget "ISSOverhead" */ = {
			isa = XCConfigurationList;
			buildConfigurations = (
				493348661D4FC752003847CD /* Debug */,
				493348671D4FC752003847CD /* Release */,
			);
			defaultConfigurationIsVisible = 0;
		};
		493348681D4FC752003847CD /* Build configuration list for PBXNativeTarget "ISSOverheadTests" */ = {
			isa = XCConfigurationList;
			buildConfigurations = (
				493348691D4FC752003847CD /* Debug */,
				4933486A1D4FC752003847CD /* Release */,
			);
			defaultConfigurationIsVisible = 0;
		};
		4933486B1D4FC752003847CD /* Build configuration list for PBXNativeTarget "ISSOverheadUITests" */ = {
			isa = XCConfigurationList;
			buildConfigurations = (
				4933486C1D4FC752003847CD /* Debug */,
				4933486D1D4FC752003847CD /* Release */,
			);
			defaultConfigurationIsVisible = 0;
		};
/* End XCConfigurationList section */
	};
	rootObject = 493348351D4FC752003847CD /* Project object */;
}
