// !$*UTF8*$!
{
	archiveVersion = 1;
	classes = {
	};
	objectVersion = 46;
	objects = {

/* Begin PBXBuildFile section */
		35532A6CD619336CD888FA8A /* Pods_ISSOverheadUITests.framework in Frameworks */ = {isa = PBXBuildFile; fileRef = B2266DA473EB66EE3B6FEED6 /* Pods_ISSOverheadUITests.framework */; };
		490BD7C11D4FE171005D0604 /* ISSLocation.swift in Sources */ = {isa = PBXBuildFile; fileRef = 490BD7C01D4FE171005D0604 /* ISSLocation.swift */; };
		490BD7C31D4FE359005D0604 /* MapViewViewController.swift in Sources */ = {isa = PBXBuildFile; fileRef = 490BD7C21D4FE359005D0604 /* MapViewViewController.swift */; };
		490BD7C51D4FE362005D0604 /* LocationsTableViewController.swift in Sources */ = {isa = PBXBuildFile; fileRef = 490BD7C41D4FE362005D0604 /* LocationsTableViewController.swift */; };
		490BD7C71D4FE36B005D0604 /* LocationDetailsViewController.swift in Sources */ = {isa = PBXBuildFile; fileRef = 490BD7C61D4FE36B005D0604 /* LocationDetailsViewController.swift */; };
		490BD7C91D4FE375005D0604 /* MapViewViewModel.swift in Sources */ = {isa = PBXBuildFile; fileRef = 490BD7C81D4FE375005D0604 /* MapViewViewModel.swift */; };
		490BD7CB1D4FE382005D0604 /* LocationsTableViewViewModel.swift in Sources */ = {isa = PBXBuildFile; fileRef = 490BD7CA1D4FE382005D0604 /* LocationsTableViewViewModel.swift */; };
		490BD7CD1D4FE38C005D0604 /* LocationDetailViewModel.swift in Sources */ = {isa = PBXBuildFile; fileRef = 490BD7CC1D4FE38C005D0604 /* LocationDetailViewModel.swift */; };
		490BD7CF1D4FF613005D0604 /* ISSPass.swift in Sources */ = {isa = PBXBuildFile; fileRef = 490BD7CE1D4FF613005D0604 /* ISSPass.swift */; };
		490BD7D11D4FF9F2005D0604 /* Friend.swift in Sources */ = {isa = PBXBuildFile; fileRef = 490BD7D01D4FF9F2005D0604 /* Friend.swift */; };
		490BD7D31D4FFFDB005D0604 /* MapKit.framework in Frameworks */ = {isa = PBXBuildFile; fileRef = 490BD7D21D4FFFDB005D0604 /* MapKit.framework */; };
		490BD7D61D5006A5005D0604 /* Scheduler.swift in Sources */ = {isa = PBXBuildFile; fileRef = 490BD7D51D5006A5005D0604 /* Scheduler.swift */; };
		490BD7D81D5008BC005D0604 /* Settings.swift in Sources */ = {isa = PBXBuildFile; fileRef = 490BD7D71D5008BC005D0604 /* Settings.swift */; };
		490BD7E31D50EB3C005D0604 /* Notifier.swift in Sources */ = {isa = PBXBuildFile; fileRef = 490BD7E21D50EB3C005D0604 /* Notifier.swift */; };
		490BD7E51D50EB73005D0604 /* Image.swift in Sources */ = {isa = PBXBuildFile; fileRef = 490BD7E41D50EB73005D0604 /* Image.swift */; };
		493348411D4FC752003847CD /* AppDelegate.swift in Sources */ = {isa = PBXBuildFile; fileRef = 493348401D4FC752003847CD /* AppDelegate.swift */; };
		493348461D4FC752003847CD /* Main.storyboard in Resources */ = {isa = PBXBuildFile; fileRef = 493348441D4FC752003847CD /* Main.storyboard */; };
		493348481D4FC752003847CD /* Assets.xcassets in Resources */ = {isa = PBXBuildFile; fileRef = 493348471D4FC752003847CD /* Assets.xcassets */; };
		4933484B1D4FC752003847CD /* LaunchScreen.storyboard in Resources */ = {isa = PBXBuildFile; fileRef = 493348491D4FC752003847CD /* LaunchScreen.storyboard */; };
		493348561D4FC752003847CD /* ISSOverheadTests.swift in Sources */ = {isa = PBXBuildFile; fileRef = 493348551D4FC752003847CD /* ISSOverheadTests.swift */; };
		493348611D4FC752003847CD /* ISSOverheadUITests.swift in Sources */ = {isa = PBXBuildFile; fileRef = 493348601D4FC752003847CD /* ISSOverheadUITests.swift */; };
		493348741D4FCA55003847CD /* MainStoryboard.swift in Sources */ = {isa = PBXBuildFile; fileRef = 493348731D4FCA55003847CD /* MainStoryboard.swift */; };
		493348781D4FD774003847CD /* CoreLocation.framework in Frameworks */ = {isa = PBXBuildFile; fileRef = 493348771D4FD774003847CD /* CoreLocation.framework */; };
		8544E284F3522E6CF1D97B01 /* Pods_ISSOverhead.framework in Frameworks */ = {isa = PBXBuildFile; fileRef = 8DBE244C85916252AF181D53 /* Pods_ISSOverhead.framework */; };
		F182513B25BFCAA1AE347288 /* Pods_ISSOverheadTests.framework in Frameworks */ = {isa = PBXBuildFile; fileRef = 4CA7F4AC2A53D35C6B95654A /* Pods_ISSOverheadTests.framework */; };
/* End PBXBuildFile section */

/* Begin PBXContainerItemProxy section */
		493348521D4FC752003847CD /* PBXContainerItemProxy */ = {
			isa = PBXContainerItemProxy;
			containerPortal = 493348351D4FC752003847CD /* Project object */;
			proxyType = 1;
			remoteGlobalIDString = 4933483C1D4FC752003847CD;
			remoteInfo = ISSOverhead;
		};
		4933485D1D4FC752003847CD /* PBXContainerItemProxy */ = {
			isa = PBXContainerItemProxy;
			containerPortal = 493348351D4FC752003847CD /* Project object */;
			proxyType = 1;
			remoteGlobalIDString = 4933483C1D4FC752003847CD;
			remoteInfo = ISSOverhead;
		};
/* End PBXContainerItemProxy section */

/* Begin PBXFileReference section */
		0D72E9309C674CDB8C8B337A /* Pods-ISSOverheadTests.debug.xcconfig */ = {isa = PBXFileReference; includeInIndex = 1; lastKnownFileType = text.xcconfig; name = "Pods-ISSOverheadTests.debug.xcconfig"; path = "Pods/Target Support Files/Pods-ISSOverheadTests/Pods-ISSOverheadTests.debug.xcconfig"; sourceTree = "<group>"; };
		13FBB8731B54B6288E95295F /* Pods-ISSOverheadUITests.release.xcconfig */ = {isa = PBXFileReference; includeInIndex = 1; lastKnownFileType = text.xcconfig; name = "Pods-ISSOverheadUITests.release.xcconfig"; path = "Pods/Target Support Files/Pods-ISSOverheadUITests/Pods-ISSOverheadUITests.release.xcconfig"; sourceTree = "<group>"; };
		2BDB5D21237FEE4144175A9D /* Pods-ISSOverheadUITests.debug.xcconfig */ = {isa = PBXFileReference; includeInIndex = 1; lastKnownFileType = text.xcconfig; name = "Pods-ISSOverheadUITests.debug.xcconfig"; path = "Pods/Target Support Files/Pods-ISSOverheadUITests/Pods-ISSOverheadUITests.debug.xcconfig"; sourceTree = "<group>"; };
		490BD7C01D4FE171005D0604 /* ISSLocation.swift */ = {isa = PBXFileReference; fileEncoding = 4; lastKnownFileType = sourcecode.swift; path = ISSLocation.swift; sourceTree = "<group>"; };
		490BD7C21D4FE359005D0604 /* MapViewViewController.swift */ = {isa = PBXFileReference; fileEncoding = 4; lastKnownFileType = sourcecode.swift; path = MapViewViewController.swift; sourceTree = "<group>"; };
		490BD7C41D4FE362005D0604 /* LocationsTableViewController.swift */ = {isa = PBXFileReference; fileEncoding = 4; lastKnownFileType = sourcecode.swift; path = LocationsTableViewController.swift; sourceTree = "<group>"; };
		490BD7C61D4FE36B005D0604 /* LocationDetailsViewController.swift */ = {isa = PBXFileReference; fileEncoding = 4; lastKnownFileType = sourcecode.swift; path = LocationDetailsViewController.swift; sourceTree = "<group>"; };
		490BD7C81D4FE375005D0604 /* MapViewViewModel.swift */ = {isa = PBXFileReference; fileEncoding = 4; lastKnownFileType = sourcecode.swift; path = MapViewViewModel.swift; sourceTree = "<group>"; };
		490BD7CA1D4FE382005D0604 /* LocationsTableViewViewModel.swift */ = {isa = PBXFileReference; fileEncoding = 4; lastKnownFileType = sourcecode.swift; path = LocationsTableViewViewModel.swift; sourceTree = "<group>"; };
		490BD7CC1D4FE38C005D0604 /* LocationDetailViewModel.swift */ = {isa = PBXFileReference; fileEncoding = 4; lastKnownFileType = sourcecode.swift; path = LocationDetailViewModel.swift; sourceTree = "<group>"; };
		490BD7CE1D4FF613005D0604 /* ISSPass.swift */ = {isa = PBXFileReference; fileEncoding = 4; lastKnownFileType = sourcecode.swift; path = ISSPass.swift; sourceTree = "<group>"; };
		490BD7D01D4FF9F2005D0604 /* Friend.swift */ = {isa = PBXFileReference; fileEncoding = 4; lastKnownFileType = sourcecode.swift; path = Friend.swift; sourceTree = "<group>"; };
		490BD7D21D4FFFDB005D0604 /* MapKit.framework */ = {isa = PBXFileReference; lastKnownFileType = wrapper.framework; name = MapKit.framework; path = System/Library/Frameworks/MapKit.framework; sourceTree = SDKROOT; };
		490BD7D51D5006A5005D0604 /* Scheduler.swift */ = {isa = PBXFileReference; fileEncoding = 4; lastKnownFileType = sourcecode.swift; path = Scheduler.swift; sourceTree = "<group>"; };
		490BD7D71D5008BC005D0604 /* Settings.swift */ = {isa = PBXFileReference; fileEncoding = 4; lastKnownFileType = sourcecode.swift; path = Settings.swift; sourceTree = "<group>"; };
		490BD7E21D50EB3C005D0604 /* Notifier.swift */ = {isa = PBXFileReference; fileEncoding = 4; lastKnownFileType = sourcecode.swift; path = Notifier.swift; sourceTree = "<group>"; };
		490BD7E41D50EB73005D0604 /* Image.swift */ = {isa = PBXFileReference; fileEncoding = 4; lastKnownFileType = sourcecode.swift; path = Image.swift; sourceTree = "<group>"; };
		4933483D1D4FC752003847CD /* ISSOverhead.app */ = {isa = PBXFileReference; explicitFileType = wrapper.application; includeInIndex = 0; path = ISSOverhead.app; sourceTree = BUILT_PRODUCTS_DIR; };
		493348401D4FC752003847CD /* AppDelegate.swift */ = {isa = PBXFileReference; lastKnownFileType = sourcecode.swift; path = AppDelegate.swift; sourceTree = "<group>"; };
		493348451D4FC752003847CD /* Base */ = {isa = PBXFileReference; lastKnownFileType = file.storyboard; name = Base; path = Base.lproj/Main.storyboard; sourceTree = "<group>"; };
		493348471D4FC752003847CD /* Assets.xcassets */ = {isa = PBXFileReference; lastKnownFileType = folder.assetcatalog; path = Assets.xcassets; sourceTree = "<group>"; };
		4933484A1D4FC752003847CD /* Base */ = {isa = PBXFileReference; lastKnownFileType = file.storyboard; name = Base; path = Base.lproj/LaunchScreen.storyboard; sourceTree = "<group>"; };
		4933484C1D4FC752003847CD /* Info.plist */ = {isa = PBXFileReference; lastKnownFileType = text.plist.xml; path = Info.plist; sourceTree = "<group>"; };
		493348511D4FC752003847CD /* ISSOverheadTests.xctest */ = {isa = PBXFileReference; explicitFileType = wrapper.cfbundle; includeInIndex = 0; path = ISSOverheadTests.xctest; sourceTree = BUILT_PRODUCTS_DIR; };
		493348551D4FC752003847CD /* ISSOverheadTests.swift */ = {isa = PBXFileReference; lastKnownFileType = sourcecode.swift; path = ISSOverheadTests.swift; sourceTree = "<group>"; };
		493348571D4FC752003847CD /* Info.plist */ = {isa = PBXFileReference; lastKnownFileType = text.plist.xml; path = Info.plist; sourceTree = "<group>"; };
		4933485C1D4FC752003847CD /* ISSOverheadUITests.xctest */ = {isa = PBXFileReference; explicitFileType = wrapper.cfbundle; includeInIndex = 0; path = ISSOverheadUITests.xctest; sourceTree = BUILT_PRODUCTS_DIR; };
		493348601D4FC752003847CD /* ISSOverheadUITests.swift */ = {isa = PBXFileReference; lastKnownFileType = sourcecode.swift; path = ISSOverheadUITests.swift; sourceTree = "<group>"; };
		493348621D4FC752003847CD /* Info.plist */ = {isa = PBXFileReference; lastKnownFileType = text.plist.xml; path = Info.plist; sourceTree = "<group>"; };
		493348731D4FCA55003847CD /* MainStoryboard.swift */ = {isa = PBXFileReference; fileEncoding = 4; lastKnownFileType = sourcecode.swift; path = MainStoryboard.swift; sourceTree = "<group>"; };
		493348771D4FD774003847CD /* CoreLocation.framework */ = {isa = PBXFileReference; lastKnownFileType = wrapper.framework; name = CoreLocation.framework; path = System/Library/Frameworks/CoreLocation.framework; sourceTree = SDKROOT; };
		4CA7F4AC2A53D35C6B95654A /* Pods_ISSOverheadTests.framework */ = {isa = PBXFileReference; explicitFileType = wrapper.framework; includeInIndex = 0; path = Pods_ISSOverheadTests.framework; sourceTree = BUILT_PRODUCTS_DIR; };
		7600868B35BF338E43B10461 /* Pods-ISSOverheadTests.release.xcconfig */ = {isa = PBXFileReference; includeInIndex = 1; lastKnownFileType = text.xcconfig; name = "Pods-ISSOverheadTests.release.xcconfig"; path = "Pods/Target Support Files/Pods-ISSOverheadTests/Pods-ISSOverheadTests.release.xcconfig"; sourceTree = "<group>"; };
		8DBE244C85916252AF181D53 /* Pods_ISSOverhead.framework */ = {isa = PBXFileReference; explicitFileType = wrapper.framework; includeInIndex = 0; path = Pods_ISSOverhead.framework; sourceTree = BUILT_PRODUCTS_DIR; };
		A336D499914D5374692D8EB6 /* Pods-ISSOverhead.release.xcconfig */ = {isa = PBXFileReference; includeInIndex = 1; lastKnownFileType = text.xcconfig; name = "Pods-ISSOverhead.release.xcconfig"; path = "Pods/Target Support Files/Pods-ISSOverhead/Pods-ISSOverhead.release.xcconfig"; sourceTree = "<group>"; };
		B2266DA473EB66EE3B6FEED6 /* Pods_ISSOverheadUITests.framework */ = {isa = PBXFileReference; explicitFileType = wrapper.framework; includeInIndex = 0; path = Pods_ISSOverheadUITests.framework; sourceTree = BUILT_PRODUCTS_DIR; };
		C4FD41DF0A587778F4345382 /* Pods-ISSOverhead.debug.xcconfig */ = {isa = PBXFileReference; includeInIndex = 1; lastKnownFileType = text.xcconfig; name = "Pods-ISSOverhead.debug.xcconfig"; path = "Pods/Target Support Files/Pods-ISSOverhead/Pods-ISSOverhead.debug.xcconfig"; sourceTree = "<group>"; };
/* End PBXFileReference section */

/* Begin PBXFrameworksBuildPhase section */
		4933483A1D4FC752003847CD /* Frameworks */ = {
			isa = PBXFrameworksBuildPhase;
			buildActionMask = 2147483647;
			files = (
				490BD7D31D4FFFDB005D0604 /* MapKit.framework in Frameworks */,
				493348781D4FD774003847CD /* CoreLocation.framework in Frameworks */,
				8544E284F3522E6CF1D97B01 /* Pods_ISSOverhead.framework in Frameworks */,
			);
			runOnlyForDeploymentPostprocessing = 0;
		};
		4933484E1D4FC752003847CD /* Frameworks */ = {
			isa = PBXFrameworksBuildPhase;
			buildActionMask = 2147483647;
			files = (
				F182513B25BFCAA1AE347288 /* Pods_ISSOverheadTests.framework in Frameworks */,
			);
			runOnlyForDeploymentPostprocessing = 0;
		};
		493348591D4FC752003847CD /* Frameworks */ = {
			isa = PBXFrameworksBuildPhase;
			buildActionMask = 2147483647;
			files = (
				35532A6CD619336CD888FA8A /* Pods_ISSOverheadUITests.framework in Frameworks */,
			);
			runOnlyForDeploymentPostprocessing = 0;
		};
/* End PBXFrameworksBuildPhase section */

/* Begin PBXGroup section */
		490BD7D41D50069C005D0604 /* Components */ = {
			isa = PBXGroup;
			children = (
				490BD7D51D5006A5005D0604 /* Scheduler.swift */,
				490BD7D71D5008BC005D0604 /* Settings.swift */,
				490BD7E21D50EB3C005D0604 /* Notifier.swift */,
				490BD7E41D50EB73005D0604 /* Image.swift */,
			);
			name = Components;
			sourceTree = "<group>";
		};
		493348341D4FC752003847CD = {
			isa = PBXGroup;
			children = (
				4933483F1D4FC752003847CD /* ISSOverhead */,
				493348541D4FC752003847CD /* ISSOverheadTests */,
				4933485F1D4FC752003847CD /* ISSOverheadUITests */,
				4933483E1D4FC752003847CD /* Products */,
				89F97E1F278F3F66FDCA4D7C /* Pods */,
				D276FD22413178C6D2367E8A /* Frameworks */,
			);
			sourceTree = "<group>";
		};
		4933483E1D4FC752003847CD /* Products */ = {
			isa = PBXGroup;
			children = (
				4933483D1D4FC752003847CD /* ISSOverhead.app */,
				493348511D4FC752003847CD /* ISSOverheadTests.xctest */,
				4933485C1D4FC752003847CD /* ISSOverheadUITests.xctest */,
			);
			name = Products;
			sourceTree = "<group>";
		};
		4933483F1D4FC752003847CD /* ISSOverhead */ = {
			isa = PBXGroup;
			children = (
				490BD7D41D50069C005D0604 /* Components */,
				493348701D4FCA32003847CD /* Views */,
				4933486F1D4FCA27003847CD /* ViewModels */,
				4933486E1D4FCA21003847CD /* Models */,
				493348401D4FC752003847CD /* AppDelegate.swift */,
				493348471D4FC752003847CD /* Assets.xcassets */,
				493348491D4FC752003847CD /* LaunchScreen.storyboard */,
				4933484C1D4FC752003847CD /* Info.plist */,
			);
			path = ISSOverhead;
			sourceTree = "<group>";
		};
		493348541D4FC752003847CD /* ISSOverheadTests */ = {
			isa = PBXGroup;
			children = (
				493348551D4FC752003847CD /* ISSOverheadTests.swift */,
				493348571D4FC752003847CD /* Info.plist */,
			);
			path = ISSOverheadTests;
			sourceTree = "<group>";
		};
		4933485F1D4FC752003847CD /* ISSOverheadUITests */ = {
			isa = PBXGroup;
			children = (
				493348601D4FC752003847CD /* ISSOverheadUITests.swift */,
				493348621D4FC752003847CD /* Info.plist */,
			);
			path = ISSOverheadUITests;
			sourceTree = "<group>";
		};
		4933486E1D4FCA21003847CD /* Models */ = {
			isa = PBXGroup;
			children = (
				490BD7C01D4FE171005D0604 /* ISSLocation.swift */,
				490BD7D01D4FF9F2005D0604 /* Friend.swift */,
				490BD7CE1D4FF613005D0604 /* ISSPass.swift */,
			);
			name = Models;
			sourceTree = "<group>";
		};
		4933486F1D4FCA27003847CD /* ViewModels */ = {
			isa = PBXGroup;
			children = (
				490BD7C81D4FE375005D0604 /* MapViewViewModel.swift */,
				490BD7CA1D4FE382005D0604 /* LocationsTableViewViewModel.swift */,
				490BD7CC1D4FE38C005D0604 /* LocationDetailViewModel.swift */,
			);
			name = ViewModels;
			sourceTree = "<group>";
		};
		493348701D4FCA32003847CD /* Views */ = {
			isa = PBXGroup;
			children = (
				493348721D4FCA44003847CD /* ViewControllers */,
				493348711D4FCA39003847CD /* Storyboard */,
			);
			name = Views;
			sourceTree = "<group>";
		};
		493348711D4FCA39003847CD /* Storyboard */ = {
			isa = PBXGroup;
			children = (
				493348441D4FC752003847CD /* Main.storyboard */,
				493348731D4FCA55003847CD /* MainStoryboard.swift */,
			);
			name = Storyboard;
			sourceTree = "<group>";
		};
		493348721D4FCA44003847CD /* ViewControllers */ = {
			isa = PBXGroup;
			children = (
				490BD7C21D4FE359005D0604 /* MapViewViewController.swift */,
				490BD7C41D4FE362005D0604 /* LocationsTableViewController.swift */,
				490BD7C61D4FE36B005D0604 /* LocationDetailsViewController.swift */,
			);
			name = ViewControllers;
			sourceTree = "<group>";
		};
		89F97E1F278F3F66FDCA4D7C /* Pods */ = {
			isa = PBXGroup;
			children = (
				C4FD41DF0A587778F4345382 /* Pods-ISSOverhead.debug.xcconfig */,
				A336D499914D5374692D8EB6 /* Pods-ISSOverhead.release.xcconfig */,
				0D72E9309C674CDB8C8B337A /* Pods-ISSOverheadTests.debug.xcconfig */,
				7600868B35BF338E43B10461 /* Pods-ISSOverheadTests.release.xcconfig */,
				2BDB5D21237FEE4144175A9D /* Pods-ISSOverheadUITests.debug.xcconfig */,
				13FBB8731B54B6288E95295F /* Pods-ISSOverheadUITests.release.xcconfig */,
			);
			name = Pods;
			sourceTree = "<group>";
		};
		D276FD22413178C6D2367E8A /* Frameworks */ = {
			isa = PBXGroup;
			children = (
				490BD7D21D4FFFDB005D0604 /* MapKit.framework */,
				493348771D4FD774003847CD /* CoreLocation.framework */,
				8DBE244C85916252AF181D53 /* Pods_ISSOverhead.framework */,
				4CA7F4AC2A53D35C6B95654A /* Pods_ISSOverheadTests.framework */,
				B2266DA473EB66EE3B6FEED6 /* Pods_ISSOverheadUITests.framework */,
			);
			name = Frameworks;
			sourceTree = "<group>";
		};
/* End PBXGroup section */

/* Begin PBXNativeTarget section */
		4933483C1D4FC752003847CD /* ISSOverhead */ = {
			isa = PBXNativeTarget;
			buildConfigurationList = 493348651D4FC752003847CD /* Build configuration list for PBXNativeTarget "ISSOverhead" */;
			buildPhases = (
				38E62A00E7D17FA48ED40E7F /* [CP] Check Pods Manifest.lock */,
				493348391D4FC752003847CD /* Sources */,
				4933483A1D4FC752003847CD /* Frameworks */,
				4933483B1D4FC752003847CD /* Resources */,
				DDBB93A8D09CD159BB2DD4C6 /* [CP] Embed Pods Frameworks */,
				3457F3321F3F337C9CBFE980 /* [CP] Copy Pods Resources */,
			);
			buildRules = (
			);
			dependencies = (
			);
			name = ISSOverhead;
			productName = ISSOverhead;
			productReference = 4933483D1D4FC752003847CD /* ISSOverhead.app */;
			productType = "com.apple.product-type.application";
		};
		493348501D4FC752003847CD /* ISSOverheadTests */ = {
			isa = PBXNativeTarget;
			buildConfigurationList = 493348681D4FC752003847CD /* Build configuration list for PBXNativeTarget "ISSOverheadTests" */;
			buildPhases = (
				36B9329B5A9A2F6CB70BE59D /* [CP] Check Pods Manifest.lock */,
				4933484D1D4FC752003847CD /* Sources */,
				4933484E1D4FC752003847CD /* Frameworks */,
				4933484F1D4FC752003847CD /* Resources */,
				1C3B116419B771FE539973BB /* [CP] Embed Pods Frameworks */,
				A565937370FECE0EFE48459F /* [CP] Copy Pods Resources */,
			);
			buildRules = (
			);
			dependencies = (
				493348531D4FC752003847CD /* PBXTargetDependency */,
			);
			name = ISSOverheadTests;
			productName = ISSOverheadTests;
			productReference = 493348511D4FC752003847CD /* ISSOverheadTests.xctest */;
			productType = "com.apple.product-type.bundle.unit-test";
		};
		4933485B1D4FC752003847CD /* ISSOverheadUITests */ = {
			isa = PBXNativeTarget;
			buildConfigurationList = 4933486B1D4FC752003847CD /* Build configuration list for PBXNativeTarget "ISSOverheadUITests" */;
			buildPhases = (
				43A1F48F5FDF4CC986803CF3 /* [CP] Check Pods Manifest.lock */,
				493348581D4FC752003847CD /* Sources */,
				493348591D4FC752003847CD /* Frameworks */,
				4933485A1D4FC752003847CD /* Resources */,
				B24ECDD74C180E83584B3B76 /* [CP] Copy Pods Resources */,
			);
			buildRules = (
			);
			dependencies = (
				4933485E1D4FC752003847CD /* PBXTargetDependency */,
			);
			name = ISSOverheadUITests;
			productName = ISSOverheadUITests;
			productReference = 4933485C1D4FC752003847CD /* ISSOverheadUITests.xctest */;
			productType = "com.apple.product-type.bundle.ui-testing";
		};
/* End PBXNativeTarget section */

/* Begin PBXProject section */
		493348351D4FC752003847CD /* Project object */ = {
			isa = PBXProject;
			attributes = {
				LastSwiftUpdateCheck = 0730;
				LastUpgradeCheck = 0730;
				ORGANIZATIONNAME = "Andrew Sowers";
				TargetAttributes = {
					4933483C1D4FC752003847CD = {
						CreatedOnToolsVersion = 7.3.1;
						SystemCapabilities = {
							com.apple.BackgroundModes = {
								enabled = 1;
							};
							com.apple.Maps.iOS = {
								enabled = 0;
							};
						};
					};
					493348501D4FC752003847CD = {
						CreatedOnToolsVersion = 7.3.1;
						TestTargetID = 4933483C1D4FC752003847CD;
					};
					4933485B1D4FC752003847CD = {
						CreatedOnToolsVersion = 7.3.1;
						TestTargetID = 4933483C1D4FC752003847CD;
					};
				};
			};
			buildConfigurationList = 493348381D4FC752003847CD /* Build configuration list for PBXProject "ISSOverhead" */;
			compatibilityVersion = "Xcode 3.2";
			developmentRegion = English;
			hasScannedForEncodings = 0;
			knownRegions = (
				en,
				Base,
			);
			mainGroup = 493348341D4FC752003847CD;
			productRefGroup = 4933483E1D4FC752003847CD /* Products */;
			projectDirPath = "";
			projectRoot = "";
			targets = (
				4933483C1D4FC752003847CD /* ISSOverhead */,
				493348501D4FC752003847CD /* ISSOverheadTests */,
				4933485B1D4FC752003847CD /* ISSOverheadUITests */,
			);
		};
/* End PBXProject section */

/* Begin PBXResourcesBuildPhase section */
		4933483B1D4FC752003847CD /* Resources */ = {
			isa = PBXResourcesBuildPhase;
			buildActionMask = 2147483647;
			files = (
				4933484B1D4FC752003847CD /* LaunchScreen.storyboard in Resources */,
				493348481D4FC752003847CD /* Assets.xcassets in Resources */,
				493348461D4FC752003847CD /* Main.storyboard in Resources */,
			);
			runOnlyForDeploymentPostprocessing = 0;
		};
		4933484F1D4FC752003847CD /* Resources */ = {
			isa = PBXResourcesBuildPhase;
			buildActionMask = 2147483647;
			files = (
			);
			runOnlyForDeploymentPostprocessing = 0;
		};
		4933485A1D4FC752003847CD /* Resources */ = {
			isa = PBXResourcesBuildPhase;
			buildActionMask = 2147483647;
			files = (
			);
			runOnlyForDeploymentPostprocessing = 0;
		};
/* End PBXResourcesBuildPhase section */

/* Begin PBXShellScriptBuildPhase section */
		1C3B116419B771FE539973BB /* [CP] Embed Pods Frameworks */ = {
			isa = PBXShellScriptBuildPhase;
			buildActionMask = 2147483647;
			files = (
			);
			inputPaths = (
			);
			name = "[CP] Embed Pods Frameworks";
			outputPaths = (
			);
			runOnlyForDeploymentPostprocessing = 0;
			shellPath = /bin/sh;
			shellScript = "\"${SRCROOT}/Pods/Target Support Files/Pods-ISSOverheadTests/Pods-ISSOverheadTests-frameworks.sh\"\n";
			showEnvVarsInLog = 0;
		};
		3457F3321F3F337C9CBFE980 /* [CP] Copy Pods Resources */ = {
			isa = PBXShellScriptBuildPhase;
			buildActionMask = 2147483647;
			files = (
			);
			inputPaths = (
			);
			name = "[CP] Copy Pods Resources";
			outputPaths = (
			);
			runOnlyForDeploymentPostprocessing = 0;
			shellPath = /bin/sh;
			shellScript = "\"${SRCROOT}/Pods/Target Support Files/Pods-ISSOverhead/Pods-ISSOverhead-resources.sh\"\n";
			showEnvVarsInLog = 0;
		};
		36B9329B5A9A2F6CB70BE59D /* [CP] Check Pods Manifest.lock */ = {
			isa = PBXShellScriptBuildPhase;
			buildActionMask = 2147483647;
			files = (
			);
			inputPaths = (
			);
			name = "[CP] Check Pods Manifest.lock";
			outputPaths = (
			);
			runOnlyForDeploymentPostprocessing = 0;
			shellPath = /bin/sh;
			shellScript = "diff \"${PODS_ROOT}/../Podfile.lock\" \"${PODS_ROOT}/Manifest.lock\" > /dev/null\nif [[ $? != 0 ]] ; then\n    cat << EOM\nerror: The sandbox is not in sync with the Podfile.lock. Run 'pod install' or update your CocoaPods installation.\nEOM\n    exit 1\nfi\n";
			showEnvVarsInLog = 0;
		};
		38E62A00E7D17FA48ED40E7F /* [CP] Check Pods Manifest.lock */ = {
			isa = PBXShellScriptBuildPhase;
			buildActionMask = 2147483647;
			files = (
			);
			inputPaths = (
			);
			name = "[CP] Check Pods Manifest.lock";
			outputPaths = (
			);
			runOnlyForDeploymentPostprocessing = 0;
			shellPath = /bin/sh;
			shellScript = "diff \"${PODS_ROOT}/../Podfile.lock\" \"${PODS_ROOT}/Manifest.lock\" > /dev/null\nif [[ $? != 0 ]] ; then\n    cat << EOM\nerror: The sandbox is not in sync with the Podfile.lock. Run 'pod install' or update your CocoaPods installation.\nEOM\n    exit 1\nfi\n";
			showEnvVarsInLog = 0;
		};
		43A1F48F5FDF4CC986803CF3 /* [CP] Check Pods Manifest.lock */ = {
			isa = PBXShellScriptBuildPhase;
			buildActionMask = 2147483647;
			files = (
			);
			inputPaths = (
			);
			name = "[CP] Check Pods Manifest.lock";
			outputPaths = (
			);
			runOnlyForDeploymentPostprocessing = 0;
			shellPath = /bin/sh;
			shellScript = "diff \"${PODS_ROOT}/../Podfile.lock\" \"${PODS_ROOT}/Manifest.lock\" > /dev/null\nif [[ $? != 0 ]] ; then\n    cat << EOM\nerror: The sandbox is not in sync with the Podfile.lock. Run 'pod install' or update your CocoaPods installation.\nEOM\n    exit 1\nfi\n";
			showEnvVarsInLog = 0;
		};
		A565937370FECE0EFE48459F /* [CP] Copy Pods Resources */ = {
			isa = PBXShellScriptBuildPhase;
			buildActionMask = 2147483647;
			files = (
			);
			inputPaths = (
			);
			name = "[CP] Copy Pods Resources";
			outputPaths = (
			);
			runOnlyForDeploymentPostprocessing = 0;
			shellPath = /bin/sh;
			shellScript = "\"${SRCROOT}/Pods/Target Support Files/Pods-ISSOverheadTests/Pods-ISSOverheadTests-resources.sh\"\n";
			showEnvVarsInLog = 0;
		};
		B24ECDD74C180E83584B3B76 /* [CP] Copy Pods Resources */ = {
			isa = PBXShellScriptBuildPhase;
			buildActionMask = 2147483647;
			files = (
			);
			inputPaths = (
			);
			name = "[CP] Copy Pods Resources";
			outputPaths = (
			);
			runOnlyForDeploymentPostprocessing = 0;
			shellPath = /bin/sh;
			shellScript = "\"${SRCROOT}/Pods/Target Support Files/Pods-ISSOverheadUITests/Pods-ISSOverheadUITests-resources.sh\"\n";
			showEnvVarsInLog = 0;
		};
		DDBB93A8D09CD159BB2DD4C6 /* [CP] Embed Pods Frameworks */ = {
			isa = PBXShellScriptBuildPhase;
			buildActionMask = 2147483647;
			files = (
			);
			inputPaths = (
			);
			name = "[CP] Embed Pods Frameworks";
			outputPaths = (
			);
			runOnlyForDeploymentPostprocessing = 0;
			shellPath = /bin/sh;
			shellScript = "\"${SRCROOT}/Pods/Target Support Files/Pods-ISSOverhead/Pods-ISSOverhead-frameworks.sh\"\n";
			showEnvVarsInLog = 0;
		};
/* End PBXShellScriptBuildPhase section */

/* Begin PBXSourcesBuildPhase section */
		493348391D4FC752003847CD /* Sources */ = {
			isa = PBXSourcesBuildPhase;
			buildActionMask = 2147483647;
			files = (
				490BD7CF1D4FF613005D0604 /* ISSPass.swift in Sources */,
				490BD7C71D4FE36B005D0604 /* LocationDetailsViewController.swift in Sources */,
				490BD7D81D5008BC005D0604 /* Settings.swift in Sources */,
				490BD7CD1D4FE38C005D0604 /* LocationDetailViewModel.swift in Sources */,
				490BD7E51D50EB73005D0604 /* Image.swift in Sources */,
				490BD7C51D4FE362005D0604 /* LocationsTableViewController.swift in Sources */,
				490BD7C91D4FE375005D0604 /* MapViewViewModel.swift in Sources */,
				490BD7C11D4FE171005D0604 /* ISSLocation.swift in Sources */,
				493348741D4FCA55003847CD /* MainStoryboard.swift in Sources */,
				490BD7CB1D4FE382005D0604 /* LocationsTableViewViewModel.swift in Sources */,
				490BD7C31D4FE359005D0604 /* MapViewViewController.swift in Sources */,
				490BD7D61D5006A5005D0604 /* Scheduler.swift in Sources */,
				490BD7E31D50EB3C005D0604 /* Notifier.swift in Sources */,
				493348411D4FC752003847CD /* AppDelegate.swift in Sources */,
				490BD7D11D4FF9F2005D0604 /* Friend.swift in Sources */,
			);
			runOnlyForDeploymentPostprocessing = 0;
		};
		4933484D1D4FC752003847CD /* Sources */ = {
			isa = PBXSourcesBuildPhase;
			buildActionMask = 2147483647;
			files = (
				493348561D4FC752003847CD /* ISSOverheadTests.swift in Sources */,
			);
			runOnlyForDeploymentPostprocessing = 0;
		};
		493348581D4FC752003847CD /* Sources */ = {
			isa = PBXSourcesBuildPhase;
			buildActionMask = 2147483647;
			files = (
				493348611D4FC752003847CD /* ISSOverheadUITests.swift in Sources */,
			);
			runOnlyForDeploymentPostprocessing = 0;
		};
/* End PBXSourcesBuildPhase section */

/* Begin PBXTargetDependency section */
		493348531D4FC752003847CD /* PBXTargetDependency */ = {
			isa = PBXTargetDependency;
			target = 4933483C1D4FC752003847CD /* ISSOverhead */;
			targetProxy = 493348521D4FC752003847CD /* PBXContainerItemProxy */;
		};
		4933485E1D4FC752003847CD /* PBXTargetDependency */ = {
			isa = PBXTargetDependency;
			target = 4933483C1D4FC752003847CD /* ISSOverhead */;
			targetProxy = 4933485D1D4FC752003847CD /* PBXContainerItemProxy */;
		};
/* End PBXTargetDependency section */

/* Begin PBXVariantGroup section */
		493348441D4FC752003847CD /* Main.storyboard */ = {
			isa = PBXVariantGroup;
			children = (
				493348451D4FC752003847CD /* Base */,
			);
			name = Main.storyboard;
			sourceTree = "<group>";
		};
		493348491D4FC752003847CD /* LaunchScreen.storyboard */ = {
			isa = PBXVariantGroup;
			children = (
				4933484A1D4FC752003847CD /* Base */,
			);
			name = LaunchScreen.storyboard;
			sourceTree = "<group>";
		};
/* End PBXVariantGroup section */

/* Begin XCBuildConfiguration section */
		493348631D4FC752003847CD /* Debug */ = {
			isa = XCBuildConfiguration;
			buildSettings = {
				ALWAYS_SEARCH_USER_PATHS = NO;
				CLANG_ANALYZER_NONNULL = YES;
				CLANG_CXX_LANGUAGE_STANDARD = "gnu++0x";
				CLANG_CXX_LIBRARY = "libc++";
				CLANG_ENABLE_MODULES = YES;
				CLANG_ENABLE_OBJC_ARC = YES;
				CLANG_WARN_BOOL_CONVERSION = YES;
				CLANG_WARN_CONSTANT_CONVERSION = YES;
				CLANG_WARN_DIRECT_OBJC_ISA_USAGE = YES_ERROR;
				CLANG_WARN_EMPTY_BODY = YES;
				CLANG_WARN_ENUM_CONVERSION = YES;
				CLANG_WARN_INT_CONVERSION = YES;
				CLANG_WARN_OBJC_ROOT_CLASS = YES_ERROR;
				CLANG_WARN_UNREACHABLE_CODE = YES;
				CLANG_WARN__DUPLICATE_METHOD_MATCH = YES;
				"CODE_SIGN_IDENTITY[sdk=iphoneos*]" = "iPhone Developer";
				COPY_PHASE_STRIP = NO;
				DEBUG_INFORMATION_FORMAT = dwarf;
				ENABLE_STRICT_OBJC_MSGSEND = YES;
				ENABLE_TESTABILITY = YES;
				GCC_C_LANGUAGE_STANDARD = gnu99;
				GCC_DYNAMIC_NO_PIC = NO;
				GCC_NO_COMMON_BLOCKS = YES;
				GCC_OPTIMIZATION_LEVEL = 0;
				GCC_PREPROCESSOR_DEFINITIONS = (
					"DEBUG=1",
					"$(inherited)",
				);
				GCC_WARN_64_TO_32_BIT_CONVERSION = YES;
				GCC_WARN_ABOUT_RETURN_TYPE = YES_ERROR;
				GCC_WARN_UNDECLARED_SELECTOR = YES;
				GCC_WARN_UNINITIALIZED_AUTOS = YES_AGGRESSIVE;
				GCC_WARN_UNUSED_FUNCTION = YES;
				GCC_WARN_UNUSED_VARIABLE = YES;
				IPHONEOS_DEPLOYMENT_TARGET = 9.3;
				MTL_ENABLE_DEBUG_INFO = YES;
				ONLY_ACTIVE_ARCH = YES;
				SDKROOT = iphoneos;
				SWIFT_OPTIMIZATION_LEVEL = "-Onone";
				TARGETED_DEVICE_FAMILY = "1,2";
			};
			name = Debug;
		};
		493348641D4FC752003847CD /* Release */ = {
			isa = XCBuildConfiguration;
			buildSettings = {
				ALWAYS_SEARCH_USER_PATHS = NO;
				CLANG_ANALYZER_NONNULL = YES;
				CLANG_CXX_LANGUAGE_STANDARD = "gnu++0x";
				CLANG_CXX_LIBRARY = "libc++";
				CLANG_ENABLE_MODULES = YES;
				CLANG_ENABLE_OBJC_ARC = YES;
				CLANG_WARN_BOOL_CONVERSION = YES;
				CLANG_WARN_CONSTANT_CONVERSION = YES;
				CLANG_WARN_DIRECT_OBJC_ISA_USAGE = YES_ERROR;
				CLANG_WARN_EMPTY_BODY = YES;
				CLANG_WARN_ENUM_CONVERSION = YES;
				CLANG_WARN_INT_CONVERSION = YES;
				CLANG_WARN_OBJC_ROOT_CLASS = YES_ERROR;
				CLANG_WARN_UNREACHABLE_CODE = YES;
				CLANG_WARN__DUPLICATE_METHOD_MATCH = YES;
				"CODE_SIGN_IDENTITY[sdk=iphoneos*]" = "iPhone Developer";
				COPY_PHASE_STRIP = NO;
				DEBUG_INFORMATION_FORMAT = "dwarf-with-dsym";
				ENABLE_NS_ASSERTIONS = NO;
				ENABLE_STRICT_OBJC_MSGSEND = YES;
				GCC_C_LANGUAGE_STANDARD = gnu99;
				GCC_NO_COMMON_BLOCKS = YES;
				GCC_WARN_64_TO_32_BIT_CONVERSION = YES;
				GCC_WARN_ABOUT_RETURN_TYPE = YES_ERROR;
				GCC_WARN_UNDECLARED_SELECTOR = YES;
				GCC_WARN_UNINITIALIZED_AUTOS = YES_AGGRESSIVE;
				GCC_WARN_UNUSED_FUNCTION = YES;
				GCC_WARN_UNUSED_VARIABLE = YES;
				IPHONEOS_DEPLOYMENT_TARGET = 9.3;
				MTL_ENABLE_DEBUG_INFO = NO;
				SDKROOT = iphoneos;
				TARGETED_DEVICE_FAMILY = "1,2";
				VALIDATE_PRODUCT = YES;
			};
			name = Release;
		};
		493348661D4FC752003847CD /* Debug */ = {
			isa = XCBuildConfiguration;
			baseConfigurationReference = C4FD41DF0A587778F4345382 /* Pods-ISSOverhead.debug.xcconfig */;
			buildSettings = {
				ASSETCATALOG_COMPILER_APPICON_NAME = AppIcon;
				INFOPLIST_FILE = ISSOverhead/Info.plist;
				LD_RUNPATH_SEARCH_PATHS = "$(inherited) @executable_path/Frameworks";
				PRODUCT_BUNDLE_IDENTIFIER = com.andrew.ISSOverhead;
				PRODUCT_NAME = "$(TARGET_NAME)";
			};
			name = Debug;
		};
		493348671D4FC752003847CD /* Release */ = {
			isa = XCBuildConfiguration;
			baseConfigurationReference = A336D499914D5374692D8EB6 /* Pods-ISSOverhead.release.xcconfig */;
			buildSettings = {
				ASSETCATALOG_COMPILER_APPICON_NAME = AppIcon;
				INFOPLIST_FILE = ISSOverhead/Info.plist;
				LD_RUNPATH_SEARCH_PATHS = "$(inherited) @executable_path/Frameworks";
				PRODUCT_BUNDLE_IDENTIFIER = com.andrew.ISSOverhead;
				PRODUCT_NAME = "$(TARGET_NAME)";
			};
			name = Release;
		};
		493348691D4FC752003847CD /* Debug */ = {
			isa = XCBuildConfiguration;
			baseConfigurationReference = 0D72E9309C674CDB8C8B337A /* Pods-ISSOverheadTests.debug.xcconfig */;
			buildSettings = {
				BUNDLE_LOADER = "$(TEST_HOST)";
				INFOPLIST_FILE = ISSOverheadTests/Info.plist;
				LD_RUNPATH_SEARCH_PATHS = "$(inherited) @executable_path/Frameworks @loader_path/Frameworks";
				PRODUCT_BUNDLE_IDENTIFIER = com.andrew.ISSOverheadTests;
				PRODUCT_NAME = "$(TARGET_NAME)";
				TEST_HOST = "$(BUILT_PRODUCTS_DIR)/ISSOverhead.app/ISSOverhead";
			};
			name = Debug;
		};
		4933486A1D4FC752003847CD /* Release */ = {
			isa = XCBuildConfiguration;
			baseConfigurationReference = 7600868B35BF338E43B10461 /* Pods-ISSOverheadTests.release.xcconfig */;
			buildSettings = {
				BUNDLE_LOADER = "$(TEST_HOST)";
				INFOPLIST_FILE = ISSOverheadTests/Info.plist;
				LD_RUNPATH_SEARCH_PATHS = "$(inherited) @executable_path/Frameworks @loader_path/Frameworks";
				PRODUCT_BUNDLE_IDENTIFIER = com.andrew.ISSOverheadTests;
				PRODUCT_NAME = "$(TARGET_NAME)";
				TEST_HOST = "$(BUILT_PRODUCTS_DIR)/ISSOverhead.app/ISSOverhead";
			};
			name = Release;
		};
		4933486C1D4FC752003847CD /* Debug */ = {
			isa = XCBuildConfiguration;
			baseConfigurationReference = 2BDB5D21237FEE4144175A9D /* Pods-ISSOverheadUITests.debug.xcconfig */;
			buildSettings = {
				INFOPLIST_FILE = ISSOverheadUITests/Info.plist;
				LD_RUNPATH_SEARCH_PATHS = "$(inherited) @executable_path/Frameworks @loader_path/Frameworks";
				PRODUCT_BUNDLE_IDENTIFIER = com.andrew.ISSOverheadUITests;
				PRODUCT_NAME = "$(TARGET_NAME)";
				TEST_TARGET_NAME = ISSOverhead;
			};
			name = Debug;
		};
		4933486D1D4FC752003847CD /* Release */ = {
			isa = XCBuildConfiguration;
			baseConfigurationReference = 13FBB8731B54B6288E95295F /* Pods-ISSOverheadUITests.release.xcconfig */;
			buildSettings = {
				INFOPLIST_FILE = ISSOverheadUITests/Info.plist;
				LD_RUNPATH_SEARCH_PATHS = "$(inherited) @executable_path/Frameworks @loader_path/Frameworks";
				PRODUCT_BUNDLE_IDENTIFIER = com.andrew.ISSOverheadUITests;
				PRODUCT_NAME = "$(TARGET_NAME)";
				TEST_TARGET_NAME = ISSOverhead;
			};
			name = Release;
		};
/* End XCBuildConfiguration section */

/* Begin XCConfigurationList section */
		493348381D4FC752003847CD /* Build configuration list for PBXProject "ISSOverhead" */ = {
			isa = XCConfigurationList;
			buildConfigurations = (
				493348631D4FC752003847CD /* Debug */,
				493348641D4FC752003847CD /* Release */,
			);
			defaultConfigurationIsVisible = 0;
			defaultConfigurationName = Release;
		};
		493348651D4FC752003847CD /* Build configuration list for PBXNativeTarget "ISSOverhead" */ = {
			isa = XCConfigurationList;
			buildConfigurations = (
				493348661D4FC752003847CD /* Debug */,
				493348671D4FC752003847CD /* Release */,
			);
			defaultConfigurationIsVisible = 0;
			defaultConfigurationName = Release;
		};
		493348681D4FC752003847CD /* Build configuration list for PBXNativeTarget "ISSOverheadTests" */ = {
			isa = XCConfigurationList;
			buildConfigurations = (
				493348691D4FC752003847CD /* Debug */,
				4933486A1D4FC752003847CD /* Release */,
			);
			defaultConfigurationIsVisible = 0;
			defaultConfigurationName = Release;
		};
		4933486B1D4FC752003847CD /* Build configuration list for PBXNativeTarget "ISSOverheadUITests" */ = {
			isa = XCConfigurationList;
			buildConfigurations = (
				4933486C1D4FC752003847CD /* Debug */,
				4933486D1D4FC752003847CD /* Release */,
			);
			defaultConfigurationIsVisible = 0;
			defaultConfigurationName = Release;
		};
/* End XCConfigurationList section */
	};
	rootObject = 493348351D4FC752003847CD /* Project object */;
}
